// !$*UTF8*$!
{
	archiveVersion = 1;
	classes = {
	};
	objectVersion = 50;
	objects = {

/* Begin PBXBuildFile section */
		160CA48B215A319A00352266 /* PopoverAnimator.swift in Sources */ = {isa = PBXBuildFile; fileRef = 160CA48A215A319A00352266 /* PopoverAnimator.swift */; };
		163E23AD2157E391005CFB82 /* PopoverViewController.swift in Sources */ = {isa = PBXBuildFile; fileRef = 163E23AB2157E391005CFB82 /* PopoverViewController.swift */; };
		163E23AE2157E391005CFB82 /* PopoverViewController.xib in Resources */ = {isa = PBXBuildFile; fileRef = 163E23AC2157E391005CFB82 /* PopoverViewController.xib */; };
		163E23B02157E80C005CFB82 /* TitleButton.swift in Sources */ = {isa = PBXBuildFile; fileRef = 163E23AF2157E80C005CFB82 /* TitleButton.swift */; };
		164E7B2F2157F77700200236 /* ELPresentationController.swift in Sources */ = {isa = PBXBuildFile; fileRef = 164E7B2E2157F77700200236 /* ELPresentationController.swift */; };
		165754B221549918006D9BE5 /* AppDelegate.swift in Sources */ = {isa = PBXBuildFile; fileRef = 165754B121549918006D9BE5 /* AppDelegate.swift */; };
		165754B721549918006D9BE5 /* Main.storyboard in Resources */ = {isa = PBXBuildFile; fileRef = 165754B521549918006D9BE5 /* Main.storyboard */; };
		165754B92154991A006D9BE5 /* Assets.xcassets in Resources */ = {isa = PBXBuildFile; fileRef = 165754B82154991A006D9BE5 /* Assets.xcassets */; };
		165754BC2154991A006D9BE5 /* LaunchScreen.storyboard in Resources */ = {isa = PBXBuildFile; fileRef = 165754BA2154991A006D9BE5 /* LaunchScreen.storyboard */; };
		165754CA21549C03006D9BE5 /* HomeViewController.swift in Sources */ = {isa = PBXBuildFile; fileRef = 165754C921549C03006D9BE5 /* HomeViewController.swift */; };
		165754CC21549C2B006D9BE5 /* MessageViewController.swift in Sources */ = {isa = PBXBuildFile; fileRef = 165754CB21549C2B006D9BE5 /* MessageViewController.swift */; };
		165754CE21549C4A006D9BE5 /* ProfileViewController.swift in Sources */ = {isa = PBXBuildFile; fileRef = 165754CD21549C4A006D9BE5 /* ProfileViewController.swift */; };
		165754D021549C5B006D9BE5 /* DiscoverViewController.swift in Sources */ = {isa = PBXBuildFile; fileRef = 165754CF21549C5B006D9BE5 /* DiscoverViewController.swift */; };
		165754D221549D0C006D9BE5 /* MainViewController.swift in Sources */ = {isa = PBXBuildFile; fileRef = 165754D121549D0C006D9BE5 /* MainViewController.swift */; };
		168FAAA921561B7300E364B6 /* Home.storyboard in Resources */ = {isa = PBXBuildFile; fileRef = 168FAAA821561B7300E364B6 /* Home.storyboard */; };
		168FAAB321561BEB00E364B6 /* Profile.storyboard in Resources */ = {isa = PBXBuildFile; fileRef = 168FAAB221561BEB00E364B6 /* Profile.storyboard */; };
		168FAAC02156214C00E364B6 /* MainVCSettings.json in Resources */ = {isa = PBXBuildFile; fileRef = 168FAABF2156214C00E364B6 /* MainVCSettings.json */; };
		168FAAC5215621F700E364B6 /* Null.storyboard in Resources */ = {isa = PBXBuildFile; fileRef = 168FAAC3215621F700E364B6 /* Null.storyboard */; };
		168FAAC72156241300E364B6 /* Message.storyboard in Resources */ = {isa = PBXBuildFile; fileRef = 168FAAC62156241300E364B6 /* Message.storyboard */; };
		168FAAC92156241F00E364B6 /* Discover.storyboard in Resources */ = {isa = PBXBuildFile; fileRef = 168FAAC82156241F00E364B6 /* Discover.storyboard */; };
		168FAACB2156261F00E364B6 /* UIButton-Extension.swift in Sources */ = {isa = PBXBuildFile; fileRef = 168FAACA2156261F00E364B6 /* UIButton-Extension.swift */; };
		168FAACE2157423100E364B6 /* BaseViewController.swift in Sources */ = {isa = PBXBuildFile; fileRef = 168FAACD2157423100E364B6 /* BaseViewController.swift */; };
		168FAAD02157772800E364B6 /* VisitorView.swift in Sources */ = {isa = PBXBuildFile; fileRef = 168FAACF2157772800E364B6 /* VisitorView.swift */; };
		168FAAD22157773200E364B6 /* VisitorView.xib in Resources */ = {isa = PBXBuildFile; fileRef = 168FAAD12157773200E364B6 /* VisitorView.xib */; };
		168FAAD62157C2B900E364B6 /* UIBarButtonItem-Extension.swift in Sources */ = {isa = PBXBuildFile; fileRef = 168FAAD52157C2B900E364B6 /* UIBarButtonItem-Extension.swift */; };
		4414110BD8730B46496A34A3 /* Pods_WIbo.framework in Frameworks */ = {isa = PBXBuildFile; fileRef = F599ED2BAC40D2C6E1AE4179 /* Pods_WIbo.framework */; };
/* End PBXBuildFile section */

/* Begin PBXFileReference section */
		160CA48A215A319A00352266 /* PopoverAnimator.swift */ = {isa = PBXFileReference; lastKnownFileType = sourcecode.swift; path = PopoverAnimator.swift; sourceTree = "<group>"; };
		163E23AB2157E391005CFB82 /* PopoverViewController.swift */ = {isa = PBXFileReference; lastKnownFileType = sourcecode.swift; path = PopoverViewController.swift; sourceTree = "<group>"; };
		163E23AC2157E391005CFB82 /* PopoverViewController.xib */ = {isa = PBXFileReference; lastKnownFileType = file.xib; path = PopoverViewController.xib; sourceTree = "<group>"; };
		163E23AF2157E80C005CFB82 /* TitleButton.swift */ = {isa = PBXFileReference; fileEncoding = 4; lastKnownFileType = sourcecode.swift; path = TitleButton.swift; sourceTree = "<group>"; };
		164E7B2E2157F77700200236 /* ELPresentationController.swift */ = {isa = PBXFileReference; lastKnownFileType = sourcecode.swift; path = ELPresentationController.swift; sourceTree = "<group>"; };
		165754AE21549918006D9BE5 /* WIbo.app */ = {isa = PBXFileReference; explicitFileType = wrapper.application; includeInIndex = 0; path = WIbo.app; sourceTree = BUILT_PRODUCTS_DIR; };
		165754B121549918006D9BE5 /* AppDelegate.swift */ = {isa = PBXFileReference; lastKnownFileType = sourcecode.swift; path = AppDelegate.swift; sourceTree = "<group>"; };
		165754B621549918006D9BE5 /* Base */ = {isa = PBXFileReference; lastKnownFileType = file.storyboard; name = Base; path = Base.lproj/Main.storyboard; sourceTree = "<group>"; };
		165754B82154991A006D9BE5 /* Assets.xcassets */ = {isa = PBXFileReference; lastKnownFileType = folder.assetcatalog; path = Assets.xcassets; sourceTree = "<group>"; };
		165754BB2154991A006D9BE5 /* Base */ = {isa = PBXFileReference; lastKnownFileType = file.storyboard; name = Base; path = Base.lproj/LaunchScreen.storyboard; sourceTree = "<group>"; };
		165754BD2154991A006D9BE5 /* Info.plist */ = {isa = PBXFileReference; lastKnownFileType = text.plist.xml; path = Info.plist; sourceTree = "<group>"; };
		165754C921549C03006D9BE5 /* HomeViewController.swift */ = {isa = PBXFileReference; lastKnownFileType = sourcecode.swift; path = HomeViewController.swift; sourceTree = "<group>"; };
		165754CB21549C2B006D9BE5 /* MessageViewController.swift */ = {isa = PBXFileReference; lastKnownFileType = sourcecode.swift; path = MessageViewController.swift; sourceTree = "<group>"; };
		165754CD21549C4A006D9BE5 /* ProfileViewController.swift */ = {isa = PBXFileReference; lastKnownFileType = sourcecode.swift; path = ProfileViewController.swift; sourceTree = "<group>"; };
		165754CF21549C5B006D9BE5 /* DiscoverViewController.swift */ = {isa = PBXFileReference; lastKnownFileType = sourcecode.swift; path = DiscoverViewController.swift; sourceTree = "<group>"; };
		165754D121549D0C006D9BE5 /* MainViewController.swift */ = {isa = PBXFileReference; lastKnownFileType = sourcecode.swift; path = MainViewController.swift; sourceTree = "<group>"; };
		168FAAA821561B7300E364B6 /* Home.storyboard */ = {isa = PBXFileReference; fileEncoding = 4; lastKnownFileType = file.storyboard; path = Home.storyboard; sourceTree = "<group>"; };
		168FAAB221561BEB00E364B6 /* Profile.storyboard */ = {isa = PBXFileReference; fileEncoding = 4; lastKnownFileType = file.storyboard; path = Profile.storyboard; sourceTree = "<group>"; };
		168FAABF2156214C00E364B6 /* MainVCSettings.json */ = {isa = PBXFileReference; fileEncoding = 4; lastKnownFileType = text.json; path = MainVCSettings.json; sourceTree = "<group>"; };
		168FAAC4215621F700E364B6 /* Base */ = {isa = PBXFileReference; lastKnownFileType = file.storyboard; name = Base; path = WIbo/Base.lproj/Null.storyboard; sourceTree = "<group>"; };
		168FAAC62156241300E364B6 /* Message.storyboard */ = {isa = PBXFileReference; fileEncoding = 4; lastKnownFileType = file.storyboard; path = Message.storyboard; sourceTree = "<group>"; };
		168FAAC82156241F00E364B6 /* Discover.storyboard */ = {isa = PBXFileReference; fileEncoding = 4; lastKnownFileType = file.storyboard; path = Discover.storyboard; sourceTree = "<group>"; };
		168FAACA2156261F00E364B6 /* UIButton-Extension.swift */ = {isa = PBXFileReference; lastKnownFileType = sourcecode.swift; path = "UIButton-Extension.swift"; sourceTree = "<group>"; };
		168FAACD2157423100E364B6 /* BaseViewController.swift */ = {isa = PBXFileReference; lastKnownFileType = sourcecode.swift; path = BaseViewController.swift; sourceTree = "<group>"; };
		168FAACF2157772800E364B6 /* VisitorView.swift */ = {isa = PBXFileReference; lastKnownFileType = sourcecode.swift; path = VisitorView.swift; sourceTree = "<group>"; };
		168FAAD12157773200E364B6 /* VisitorView.xib */ = {isa = PBXFileReference; lastKnownFileType = file.xib; path = VisitorView.xib; sourceTree = "<group>"; };
		168FAAD52157C2B900E364B6 /* UIBarButtonItem-Extension.swift */ = {isa = PBXFileReference; lastKnownFileType = sourcecode.swift; path = "UIBarButtonItem-Extension.swift"; sourceTree = "<group>"; };
		75229A7101E558E64D74A995 /* Pods-WIbo.release.xcconfig */ = {isa = PBXFileReference; includeInIndex = 1; lastKnownFileType = text.xcconfig; name = "Pods-WIbo.release.xcconfig"; path = "Pods/Target Support Files/Pods-WIbo/Pods-WIbo.release.xcconfig"; sourceTree = "<group>"; };
		A2A1F6EDEC7547EB91026000 /* Pods-WIbo.debug.xcconfig */ = {isa = PBXFileReference; includeInIndex = 1; lastKnownFileType = text.xcconfig; name = "Pods-WIbo.debug.xcconfig"; path = "Pods/Target Support Files/Pods-WIbo/Pods-WIbo.debug.xcconfig"; sourceTree = "<group>"; };
		F599ED2BAC40D2C6E1AE4179 /* Pods_WIbo.framework */ = {isa = PBXFileReference; explicitFileType = wrapper.framework; includeInIndex = 0; path = Pods_WIbo.framework; sourceTree = BUILT_PRODUCTS_DIR; };
/* End PBXFileReference section */

/* Begin PBXFrameworksBuildPhase section */
		165754AB21549918006D9BE5 /* Frameworks */ = {
			isa = PBXFrameworksBuildPhase;
			buildActionMask = 2147483647;
			files = (
				4414110BD8730B46496A34A3 /* Pods_WIbo.framework in Frameworks */,
			);
			runOnlyForDeploymentPostprocessing = 0;
		};
/* End PBXFrameworksBuildPhase section */

/* Begin PBXGroup section */
		163E23AA2157E12C005CFB82 /* UIPopover */ = {
			isa = PBXGroup;
			children = (
				163E23AB2157E391005CFB82 /* PopoverViewController.swift */,
				163E23AC2157E391005CFB82 /* PopoverViewController.xib */,
				164E7B2E2157F77700200236 /* ELPresentationController.swift */,
				160CA48A215A319A00352266 /* PopoverAnimator.swift */,
			);
			path = UIPopover;
			sourceTree = "<group>";
		};
		165754A521549918006D9BE5 = {
			isa = PBXGroup;
			children = (
				165754B021549918006D9BE5 /* WIbo */,
				165754AF21549918006D9BE5 /* Products */,
				1955F32D6B1D15E3170BF71A /* Pods */,
				60FC823CB52233B2216385DD /* Frameworks */,
			);
			sourceTree = "<group>";
		};
		165754AF21549918006D9BE5 /* Products */ = {
			isa = PBXGroup;
			children = (
				165754AE21549918006D9BE5 /* WIbo.app */,
			);
			name = Products;
			sourceTree = "<group>";
		};
		165754B021549918006D9BE5 /* WIbo */ = {
			isa = PBXGroup;
			children = (
				165754C321549B21006D9BE5 /* Classes */,
				165754B121549918006D9BE5 /* AppDelegate.swift */,
				165754B521549918006D9BE5 /* Main.storyboard */,
				165754B82154991A006D9BE5 /* Assets.xcassets */,
				165754BA2154991A006D9BE5 /* LaunchScreen.storyboard */,
				165754BD2154991A006D9BE5 /* Info.plist */,
			);
			path = WIbo;
			sourceTree = "<group>";
		};
		165754C321549B21006D9BE5 /* Classes */ = {
			isa = PBXGroup;
			children = (
				165754C821549B21006D9BE5 /* Main(主要) */,
				165754C421549B21006D9BE5 /* Home(首页) */,
				165754C521549B21006D9BE5 /* Message(消息) */,
				165754C721549B21006D9BE5 /* Discover(发现) */,
				165754C621549B21006D9BE5 /* Profile(我) */,
				168FAAA6215619F600E364B6 /* Tools(工具) */,
			);
			path = Classes;
			sourceTree = "<group>";
		};
		165754C421549B21006D9BE5 /* Home(首页) */ = {
			isa = PBXGroup;
			children = (
				163E23AA2157E12C005CFB82 /* UIPopover */,
				165754C921549C03006D9BE5 /* HomeViewController.swift */,
				168FAAA821561B7300E364B6 /* Home.storyboard */,
			);
			path = "Home(首页)";
			sourceTree = "<group>";
		};
		165754C521549B21006D9BE5 /* Message(消息) */ = {
			isa = PBXGroup;
			children = (
				165754CB21549C2B006D9BE5 /* MessageViewController.swift */,
				168FAAC62156241300E364B6 /* Message.storyboard */,
			);
			path = "Message(消息)";
			sourceTree = "<group>";
		};
		165754C621549B21006D9BE5 /* Profile(我) */ = {
			isa = PBXGroup;
			children = (
				165754CD21549C4A006D9BE5 /* ProfileViewController.swift */,
				168FAAB221561BEB00E364B6 /* Profile.storyboard */,
			);
			path = "Profile(我)";
			sourceTree = "<group>";
		};
		165754C721549B21006D9BE5 /* Discover(发现) */ = {
			isa = PBXGroup;
			children = (
				165754CF21549C5B006D9BE5 /* DiscoverViewController.swift */,
				168FAAC82156241F00E364B6 /* Discover.storyboard */,
			);
			path = "Discover(发现)";
			sourceTree = "<group>";
		};
		165754C821549B21006D9BE5 /* Main(主要) */ = {
			isa = PBXGroup;
			children = (
				168FAAC2215621A600E364B6 /* Resource */,
				168FAACC215741A200E364B6 /* Visitor */,
				165754D121549D0C006D9BE5 /* MainViewController.swift */,
			);
			path = "Main(主要)";
			sourceTree = "<group>";
		};
		168FAAA6215619F600E364B6 /* Tools(工具) */ = {
			isa = PBXGroup;
			children = (
				168FAAA7215619F600E364B6 /* Category */,
				163E23AF2157E80C005CFB82 /* TitleButton.swift */,
			);
			path = "Tools(工具)";
			sourceTree = "<group>";
		};
		168FAAA7215619F600E364B6 /* Category */ = {
			isa = PBXGroup;
			children = (
				168FAACA2156261F00E364B6 /* UIButton-Extension.swift */,
				168FAAD52157C2B900E364B6 /* UIBarButtonItem-Extension.swift */,
			);
			path = Category;
			sourceTree = "<group>";
		};
		168FAAC2215621A600E364B6 /* Resource */ = {
			isa = PBXGroup;
			children = (
				168FAAC3215621F700E364B6 /* Null.storyboard */,
				168FAABF2156214C00E364B6 /* MainVCSettings.json */,
			);
			path = Resource;
			sourceTree = "<group>";
		};
		168FAACC215741A200E364B6 /* Visitor */ = {
			isa = PBXGroup;
			children = (
				168FAACD2157423100E364B6 /* BaseViewController.swift */,
				168FAACF2157772800E364B6 /* VisitorView.swift */,
				168FAAD12157773200E364B6 /* VisitorView.xib */,
			);
			path = Visitor;
			sourceTree = "<group>";
		};
		1955F32D6B1D15E3170BF71A /* Pods */ = {
			isa = PBXGroup;
			children = (
				A2A1F6EDEC7547EB91026000 /* Pods-WIbo.debug.xcconfig */,
				75229A7101E558E64D74A995 /* Pods-WIbo.release.xcconfig */,
			);
			name = Pods;
			sourceTree = "<group>";
		};
		60FC823CB52233B2216385DD /* Frameworks */ = {
			isa = PBXGroup;
			children = (
				F599ED2BAC40D2C6E1AE4179 /* Pods_WIbo.framework */,
			);
			name = Frameworks;
			sourceTree = "<group>";
		};
/* End PBXGroup section */

/* Begin PBXNativeTarget section */
		165754AD21549918006D9BE5 /* WIbo */ = {
			isa = PBXNativeTarget;
			buildConfigurationList = 165754C02154991A006D9BE5 /* Build configuration list for PBXNativeTarget "WIbo" */;
			buildPhases = (
				3E50F998898CACE97169DACB /* [CP] Check Pods Manifest.lock */,
				165754AA21549918006D9BE5 /* Sources */,
				165754AB21549918006D9BE5 /* Frameworks */,
				165754AC21549918006D9BE5 /* Resources */,
				FEC010956F81724F6E5EA441 /* [CP] Embed Pods Frameworks */,
			);
			buildRules = (
			);
			dependencies = (
			);
			name = WIbo;
			productName = WIbo;
			productReference = 165754AE21549918006D9BE5 /* WIbo.app */;
			productType = "com.apple.product-type.application";
		};
/* End PBXNativeTarget section */

/* Begin PBXProject section */
		165754A621549918006D9BE5 /* Project object */ = {
			isa = PBXProject;
			attributes = {
				LastSwiftUpdateCheck = 1000;
				LastUpgradeCheck = 1000;
				ORGANIZATIONNAME = "Soul Ai";
				TargetAttributes = {
					165754AD21549918006D9BE5 = {
						CreatedOnToolsVersion = 10.0;
					};
				};
			};
			buildConfigurationList = 165754A921549918006D9BE5 /* Build configuration list for PBXProject "WIbo" */;
			compatibilityVersion = "Xcode 9.3";
			developmentRegion = en;
			hasScannedForEncodings = 0;
			knownRegions = (
				en,
				Base,
			);
			mainGroup = 165754A521549918006D9BE5;
			productRefGroup = 165754AF21549918006D9BE5 /* Products */;
			projectDirPath = "";
			projectRoot = "";
			targets = (
				165754AD21549918006D9BE5 /* WIbo */,
			);
		};
/* End PBXProject section */

/* Begin PBXResourcesBuildPhase section */
		165754AC21549918006D9BE5 /* Resources */ = {
			isa = PBXResourcesBuildPhase;
			buildActionMask = 2147483647;
			files = (
				165754BC2154991A006D9BE5 /* LaunchScreen.storyboard in Resources */,
				168FAAD22157773200E364B6 /* VisitorView.xib in Resources */,
				165754B92154991A006D9BE5 /* Assets.xcassets in Resources */,
				168FAAC02156214C00E364B6 /* MainVCSettings.json in Resources */,
				168FAAB321561BEB00E364B6 /* Profile.storyboard in Resources */,
				168FAAC5215621F700E364B6 /* Null.storyboard in Resources */,
				163E23AE2157E391005CFB82 /* PopoverViewController.xib in Resources */,
				165754B721549918006D9BE5 /* Main.storyboard in Resources */,
				168FAAC72156241300E364B6 /* Message.storyboard in Resources */,
				168FAAA921561B7300E364B6 /* Home.storyboard in Resources */,
				168FAAC92156241F00E364B6 /* Discover.storyboard in Resources */,
			);
			runOnlyForDeploymentPostprocessing = 0;
		};
/* End PBXResourcesBuildPhase section */

/* Begin PBXShellScriptBuildPhase section */
		3E50F998898CACE97169DACB /* [CP] Check Pods Manifest.lock */ = {
			isa = PBXShellScriptBuildPhase;
			buildActionMask = 2147483647;
			files = (
			);
			inputPaths = (
				"${PODS_PODFILE_DIR_PATH}/Podfile.lock",
				"${PODS_ROOT}/Manifest.lock",
			);
			name = "[CP] Check Pods Manifest.lock";
			outputPaths = (
				"$(DERIVED_FILE_DIR)/Pods-WIbo-checkManifestLockResult.txt",
			);
			runOnlyForDeploymentPostprocessing = 0;
			shellPath = /bin/sh;
			shellScript = "diff \"${PODS_PODFILE_DIR_PATH}/Podfile.lock\" \"${PODS_ROOT}/Manifest.lock\" > /dev/null\nif [ $? != 0 ] ; then\n    # print error to STDERR\n    echo \"error: The sandbox is not in sync with the Podfile.lock. Run 'pod install' or update your CocoaPods installation.\" >&2\n    exit 1\nfi\n# This output is used by Xcode 'outputs' to avoid re-running this script phase.\necho \"SUCCESS\" > \"${SCRIPT_OUTPUT_FILE_0}\"\n";
			showEnvVarsInLog = 0;
		};
		FEC010956F81724F6E5EA441 /* [CP] Embed Pods Frameworks */ = {
			isa = PBXShellScriptBuildPhase;
			buildActionMask = 2147483647;
			files = (
			);
			inputPaths = (
				"${SRCROOT}/Pods/Target Support Files/Pods-WIbo/Pods-WIbo-frameworks.sh",
				"${BUILT_PRODUCTS_DIR}/AFNetworking/AFNetworking.framework",
				"${BUILT_PRODUCTS_DIR}/SDWebImage/SDWebImage.framework",
				"${BUILT_PRODUCTS_DIR}/SVProgressHUD/SVProgressHUD.framework",
				"${BUILT_PRODUCTS_DIR}/SnapKit/SnapKit.framework",
			);
			name = "[CP] Embed Pods Frameworks";
			outputPaths = (
				"${TARGET_BUILD_DIR}/${FRAMEWORKS_FOLDER_PATH}/AFNetworking.framework",
				"${TARGET_BUILD_DIR}/${FRAMEWORKS_FOLDER_PATH}/SDWebImage.framework",
				"${TARGET_BUILD_DIR}/${FRAMEWORKS_FOLDER_PATH}/SVProgressHUD.framework",
				"${TARGET_BUILD_DIR}/${FRAMEWORKS_FOLDER_PATH}/SnapKit.framework",
			);
			runOnlyForDeploymentPostprocessing = 0;
			shellPath = /bin/sh;
			shellScript = "\"${SRCROOT}/Pods/Target Support Files/Pods-WIbo/Pods-WIbo-frameworks.sh\"\n";
			showEnvVarsInLog = 0;
		};
/* End PBXShellScriptBuildPhase section */

/* Begin PBXSourcesBuildPhase section */
		165754AA21549918006D9BE5 /* Sources */ = {
			isa = PBXSourcesBuildPhase;
			buildActionMask = 2147483647;
			files = (
				168FAAD62157C2B900E364B6 /* UIBarButtonItem-Extension.swift in Sources */,
				165754B221549918006D9BE5 /* AppDelegate.swift in Sources */,
				168FAACB2156261F00E364B6 /* UIButton-Extension.swift in Sources */,
				165754CC21549C2B006D9BE5 /* MessageViewController.swift in Sources */,
				163E23AD2157E391005CFB82 /* PopoverViewController.swift in Sources */,
				165754CE21549C4A006D9BE5 /* ProfileViewController.swift in Sources */,
				165754D221549D0C006D9BE5 /* MainViewController.swift in Sources */,
				168FAACE2157423100E364B6 /* BaseViewController.swift in Sources */,
				160CA48B215A319A00352266 /* PopoverAnimator.swift in Sources */,
				168FAAD02157772800E364B6 /* VisitorView.swift in Sources */,
				165754CA21549C03006D9BE5 /* HomeViewController.swift in Sources */,
				163E23B02157E80C005CFB82 /* TitleButton.swift in Sources */,
				164E7B2F2157F77700200236 /* ELPresentationController.swift in Sources */,
				165754D021549C5B006D9BE5 /* DiscoverViewController.swift in Sources */,
			);
			runOnlyForDeploymentPostprocessing = 0;
		};
/* End PBXSourcesBuildPhase section */

/* Begin PBXVariantGroup section */
		165754B521549918006D9BE5 /* Main.storyboard */ = {
			isa = PBXVariantGroup;
			children = (
				165754B621549918006D9BE5 /* Base */,
			);
			name = Main.storyboard;
			sourceTree = "<group>";
		};
		165754BA2154991A006D9BE5 /* LaunchScreen.storyboard */ = {
			isa = PBXVariantGroup;
			children = (
				165754BB2154991A006D9BE5 /* Base */,
			);
			name = LaunchScreen.storyboard;
			sourceTree = "<group>";
		};
		168FAAC3215621F700E364B6 /* Null.storyboard */ = {
			isa = PBXVariantGroup;
			children = (
				168FAAC4215621F700E364B6 /* Base */,
			);
			name = Null.storyboard;
			sourceTree = "<group>";
		};
/* End PBXVariantGroup section */

/* Begin XCBuildConfiguration section */
		165754BE2154991A006D9BE5 /* Debug */ = {
			isa = XCBuildConfiguration;
			buildSettings = {
				ALWAYS_SEARCH_USER_PATHS = NO;
				CLANG_ANALYZER_NONNULL = YES;
				CLANG_ANALYZER_NUMBER_OBJECT_CONVERSION = YES_AGGRESSIVE;
				CLANG_CXX_LANGUAGE_STANDARD = "gnu++14";
				CLANG_CXX_LIBRARY = "libc++";
				CLANG_ENABLE_MODULES = YES;
				CLANG_ENABLE_OBJC_ARC = YES;
				CLANG_ENABLE_OBJC_WEAK = YES;
				CLANG_WARN_BLOCK_CAPTURE_AUTORELEASING = YES;
				CLANG_WARN_BOOL_CONVERSION = YES;
				CLANG_WARN_COMMA = YES;
				CLANG_WARN_CONSTANT_CONVERSION = YES;
				CLANG_WARN_DEPRECATED_OBJC_IMPLEMENTATIONS = YES;
				CLANG_WARN_DIRECT_OBJC_ISA_USAGE = YES_ERROR;
				CLANG_WARN_DOCUMENTATION_COMMENTS = YES;
				CLANG_WARN_EMPTY_BODY = YES;
				CLANG_WARN_ENUM_CONVERSION = YES;
				CLANG_WARN_INFINITE_RECURSION = YES;
				CLANG_WARN_INT_CONVERSION = YES;
				CLANG_WARN_NON_LITERAL_NULL_CONVERSION = YES;
				CLANG_WARN_OBJC_IMPLICIT_RETAIN_SELF = YES;
				CLANG_WARN_OBJC_LITERAL_CONVERSION = YES;
				CLANG_WARN_OBJC_ROOT_CLASS = YES_ERROR;
				CLANG_WARN_RANGE_LOOP_ANALYSIS = YES;
				CLANG_WARN_STRICT_PROTOTYPES = YES;
				CLANG_WARN_SUSPICIOUS_MOVE = YES;
				CLANG_WARN_UNGUARDED_AVAILABILITY = YES_AGGRESSIVE;
				CLANG_WARN_UNREACHABLE_CODE = YES;
				CLANG_WARN__DUPLICATE_METHOD_MATCH = YES;
				CODE_SIGN_IDENTITY = "iPhone Developer";
				COPY_PHASE_STRIP = NO;
				DEBUG_INFORMATION_FORMAT = dwarf;
				ENABLE_STRICT_OBJC_MSGSEND = YES;
				ENABLE_TESTABILITY = YES;
				GCC_C_LANGUAGE_STANDARD = gnu11;
				GCC_DYNAMIC_NO_PIC = NO;
				GCC_NO_COMMON_BLOCKS = YES;
				GCC_OPTIMIZATION_LEVEL = 0;
				GCC_PREPROCESSOR_DEFINITIONS = (
					"DEBUG=1",
					"$(inherited)",
				);
				GCC_WARN_64_TO_32_BIT_CONVERSION = YES;
				GCC_WARN_ABOUT_RETURN_TYPE = YES_ERROR;
				GCC_WARN_UNDECLARED_SELECTOR = YES;
				GCC_WARN_UNINITIALIZED_AUTOS = YES_AGGRESSIVE;
				GCC_WARN_UNUSED_FUNCTION = YES;
				GCC_WARN_UNUSED_VARIABLE = YES;
				IPHONEOS_DEPLOYMENT_TARGET = 9.0;
				MTL_ENABLE_DEBUG_INFO = INCLUDE_SOURCE;
				MTL_FAST_MATH = YES;
				ONLY_ACTIVE_ARCH = YES;
				SDKROOT = iphoneos;
				SWIFT_ACTIVE_COMPILATION_CONDITIONS = DEBUG;
				SWIFT_OPTIMIZATION_LEVEL = "-Onone";
			};
			name = Debug;
		};
		165754BF2154991A006D9BE5 /* Release */ = {
			isa = XCBuildConfiguration;
			buildSettings = {
				ALWAYS_SEARCH_USER_PATHS = NO;
				CLANG_ANALYZER_NONNULL = YES;
				CLANG_ANALYZER_NUMBER_OBJECT_CONVERSION = YES_AGGRESSIVE;
				CLANG_CXX_LANGUAGE_STANDARD = "gnu++14";
				CLANG_CXX_LIBRARY = "libc++";
				CLANG_ENABLE_MODULES = YES;
				CLANG_ENABLE_OBJC_ARC = YES;
				CLANG_ENABLE_OBJC_WEAK = YES;
				CLANG_WARN_BLOCK_CAPTURE_AUTORELEASING = YES;
				CLANG_WARN_BOOL_CONVERSION = YES;
				CLANG_WARN_COMMA = YES;
				CLANG_WARN_CONSTANT_CONVERSION = YES;
				CLANG_WARN_DEPRECATED_OBJC_IMPLEMENTATIONS = YES;
				CLANG_WARN_DIRECT_OBJC_ISA_USAGE = YES_ERROR;
				CLANG_WARN_DOCUMENTATION_COMMENTS = YES;
				CLANG_WARN_EMPTY_BODY = YES;
				CLANG_WARN_ENUM_CONVERSION = YES;
				CLANG_WARN_INFINITE_RECURSION = YES;
				CLANG_WARN_INT_CONVERSION = YES;
				CLANG_WARN_NON_LITERAL_NULL_CONVERSION = YES;
				CLANG_WARN_OBJC_IMPLICIT_RETAIN_SELF = YES;
				CLANG_WARN_OBJC_LITERAL_CONVERSION = YES;
				CLANG_WARN_OBJC_ROOT_CLASS = YES_ERROR;
				CLANG_WARN_RANGE_LOOP_ANALYSIS = YES;
				CLANG_WARN_STRICT_PROTOTYPES = YES;
				CLANG_WARN_SUSPICIOUS_MOVE = YES;
				CLANG_WARN_UNGUARDED_AVAILABILITY = YES_AGGRESSIVE;
				CLANG_WARN_UNREACHABLE_CODE = YES;
				CLANG_WARN__DUPLICATE_METHOD_MATCH = YES;
				CODE_SIGN_IDENTITY = "iPhone Developer";
				COPY_PHASE_STRIP = NO;
				DEBUG_INFORMATION_FORMAT = "dwarf-with-dsym";
				ENABLE_NS_ASSERTIONS = NO;
				ENABLE_STRICT_OBJC_MSGSEND = YES;
				GCC_C_LANGUAGE_STANDARD = gnu11;
				GCC_NO_COMMON_BLOCKS = YES;
				GCC_WARN_64_TO_32_BIT_CONVERSION = YES;
				GCC_WARN_ABOUT_RETURN_TYPE = YES_ERROR;
				GCC_WARN_UNDECLARED_SELECTOR = YES;
				GCC_WARN_UNINITIALIZED_AUTOS = YES_AGGRESSIVE;
				GCC_WARN_UNUSED_FUNCTION = YES;
				GCC_WARN_UNUSED_VARIABLE = YES;
				IPHONEOS_DEPLOYMENT_TARGET = 9.0;
				MTL_ENABLE_DEBUG_INFO = NO;
				MTL_FAST_MATH = YES;
				SDKROOT = iphoneos;
				SWIFT_COMPILATION_MODE = wholemodule;
				SWIFT_OPTIMIZATION_LEVEL = "-O";
				VALIDATE_PRODUCT = YES;
			};
			name = Release;
		};
		165754C12154991A006D9BE5 /* Debug */ = {
			isa = XCBuildConfiguration;
			baseConfigurationReference = A2A1F6EDEC7547EB91026000 /* Pods-WIbo.debug.xcconfig */;
			buildSettings = {
				ASSETCATALOG_COMPILER_APPICON_NAME = AppIcon;
				ASSETCATALOG_COMPILER_LAUNCHIMAGE_NAME = LaunchImage;
				CODE_SIGN_STYLE = Automatic;
				DEVELOPMENT_TEAM = V3FLFW82NB;
				INFOPLIST_FILE = WIbo/Info.plist;
				IPHONEOS_DEPLOYMENT_TARGET = 9.0;
				LD_RUNPATH_SEARCH_PATHS = (
					"$(inherited)",
					"@executable_path/Frameworks",
				);
				PRODUCT_BUNDLE_IDENTIFIER = com.swift.ldemo.WIbo;
				PRODUCT_NAME = "$(TARGET_NAME)";
				SWIFT_VERSION = 4.2;
				TARGETED_DEVICE_FAMILY = 1;
			};
			name = Debug;
		};
		165754C22154991A006D9BE5 /* Release */ = {
			isa = XCBuildConfiguration;
			baseConfigurationReference = 75229A7101E558E64D74A995 /* Pods-WIbo.release.xcconfig */;
			buildSettings = {
				ASSETCATALOG_COMPILER_APPICON_NAME = AppIcon;
				ASSETCATALOG_COMPILER_LAUNCHIMAGE_NAME = LaunchImage;
				CODE_SIGN_STYLE = Automatic;
				DEVELOPMENT_TEAM = V3FLFW82NB;
				INFOPLIST_FILE = WIbo/Info.plist;
				IPHONEOS_DEPLOYMENT_TARGET = 9.0;
				LD_RUNPATH_SEARCH_PATHS = (
					"$(inherited)",
					"@executable_path/Frameworks",
				);
				PRODUCT_BUNDLE_IDENTIFIER = com.swift.ldemo.WIbo;
				PRODUCT_NAME = "$(TARGET_NAME)";
				SWIFT_VERSION = 4.2;
				TARGETED_DEVICE_FAMILY = 1;
			};
			name = Release;
		};
/* End XCBuildConfiguration section */

/* Begin XCConfigurationList section */
		165754A921549918006D9BE5 /* Build configuration list for PBXProject "WIbo" */ = {
			isa = XCConfigurationList;
			buildConfigurations = (
				165754BE2154991A006D9BE5 /* Debug */,
				165754BF2154991A006D9BE5 /* Release */,
			);
			defaultConfigurationIsVisible = 0;
			defaultConfigurationName = Release;
		};
		165754C02154991A006D9BE5 /* Build configuration list for PBXNativeTarget "WIbo" */ = {
			isa = XCConfigurationList;
			buildConfigurations = (
				165754C12154991A006D9BE5 /* Debug */,
				165754C22154991A006D9BE5 /* Release */,
			);
			defaultConfigurationIsVisible = 0;
			defaultConfigurationName = Release;
		};
/* End XCConfigurationList section */
	};
	rootObject = 165754A621549918006D9BE5 /* Project object */;
}
